
Microsoft Visual Studio Solution File, Format Version 12.00
Project("{FAE04EC0-301F-11D3-BF4B-00C04F79EFBC}") = "DnDUtilitySite", "DnDUtilitySite\DnDUtilitySite.csproj", "{1F86065F-34D5-42C8-BBAB-90E7EA6F7C62}"
EndProject
Global
	GlobalSection(SolutionConfigurationPlatforms) = preSolution
		Debug|Any CPU = Debug|Any CPU
		Release|Any CPU = Release|Any CPU
	EndGlobalSection
	GlobalSection(ProjectConfigurationPlatforms) = postSolution
		{1F86065F-34D5-42C8-BBAB-90E7EA6F7C62}.Debug|Any CPU.ActiveCfg = Debug|Any CPU
		{1F86065F-34D5-42C8-BBAB-90E7EA6F7C62}.Debug|Any CPU.Build.0 = Debug|Any CPU
		{1F86065F-34D5-42C8-BBAB-90E7EA6F7C62}.Release|Any CPU.ActiveCfg = Release|Any CPU
		{1F86065F-34D5-42C8-BBAB-90E7EA6F7C62}.Release|Any CPU.Build.0 = Release|Any CPU
	EndGlobalSection
EndGlobal
